// !$*UTF8*$!
{
	archiveVersion = 1;
	classes = {
	};
	objectVersion = 46;
	objects = {

/* Begin PBXBuildFile section */
		0E59C12917B4E7FB00124089 /* SQLExcuteWindow.m in Sources */ = {isa = PBXBuildFile; fileRef = 0E59C12717B4E7FB00124089 /* SQLExcuteWindow.m */; };
		0E59C12A17B4E7FB00124089 /* SQLExcuteWindow.xib in Resources */ = {isa = PBXBuildFile; fileRef = 0E59C12817B4E7FB00124089 /* SQLExcuteWindow.xib */; };
		0E7551A9178D321A004DF8FC /* Cocoa.framework in Frameworks */ = {isa = PBXBuildFile; fileRef = 0E7551A8178D3219004DF8FC /* Cocoa.framework */; };
		0E7551B3178D321A004DF8FC /* InfoPlist.strings in Resources */ = {isa = PBXBuildFile; fileRef = 0E7551B1178D321A004DF8FC /* InfoPlist.strings */; };
		0E7551B5178D321A004DF8FC /* main.m in Sources */ = {isa = PBXBuildFile; fileRef = 0E7551B4178D321A004DF8FC /* main.m */; };
		0E7551B9178D321A004DF8FC /* Credits.rtf in Resources */ = {isa = PBXBuildFile; fileRef = 0E7551B7178D321A004DF8FC /* Credits.rtf */; };
		0E7551BC178D321A004DF8FC /* AppDelegate.m in Sources */ = {isa = PBXBuildFile; fileRef = 0E7551BB178D321A004DF8FC /* AppDelegate.m */; };
		0E7551BF178D321A004DF8FC /* MainMenu.xib in Resources */ = {isa = PBXBuildFile; fileRef = 0E7551BD178D321A004DF8FC /* MainMenu.xib */; };
		0E7551C7178D321B004DF8FC /* SenTestingKit.framework in Frameworks */ = {isa = PBXBuildFile; fileRef = 0E7551C6178D321A004DF8FC /* SenTestingKit.framework */; };
		0E7551C8178D321B004DF8FC /* Cocoa.framework in Frameworks */ = {isa = PBXBuildFile; fileRef = 0E7551A8178D3219004DF8FC /* Cocoa.framework */; };
		0E7551D0178D321B004DF8FC /* InfoPlist.strings in Resources */ = {isa = PBXBuildFile; fileRef = 0E7551CE178D321B004DF8FC /* InfoPlist.strings */; };
		0E7551D3178D321B004DF8FC /* SQLCipherManagerTests.m in Sources */ = {isa = PBXBuildFile; fileRef = 0E7551D2178D321B004DF8FC /* SQLCipherManagerTests.m */; };
		0E7BEA8B17979BDD00444DFB /* app.icns in Resources */ = {isa = PBXBuildFile; fileRef = 0E7BEA8A17979BDD00444DFB /* app.icns */; };
		0EB01EC8178E942C00752D12 /* libcrypto.a in Frameworks */ = {isa = PBXBuildFile; fileRef = 0EB01EBC178E940100752D12 /* libcrypto.a */; };
		0EB01EC9178E942C00752D12 /* libsqlcipher.a in Frameworks */ = {isa = PBXBuildFile; fileRef = 0EB01EC3178E941300752D12 /* libsqlcipher.a */; };
		0EB01ECD178E9AC400752D12 /* libsqlite3.dylib in Frameworks */ = {isa = PBXBuildFile; fileRef = 0EB01ECC178E9AC300752D12 /* libsqlite3.dylib */; };
/* End PBXBuildFile section */

/* Begin PBXContainerItemProxy section */
		0E7551C9178D321B004DF8FC /* PBXContainerItemProxy */ = {
			isa = PBXContainerItemProxy;
			containerPortal = 0E75519D178D3219004DF8FC /* Project object */;
			proxyType = 1;
			remoteGlobalIDString = 0E7551A4178D3219004DF8FC;
			remoteInfo = SQLCipherManager;
		};
		0EB01EBB178E940100752D12 /* PBXContainerItemProxy */ = {
			isa = PBXContainerItemProxy;
			containerPortal = 0EB01EB7178E940000752D12 /* openssl.xcodeproj */;
			proxyType = 2;
			remoteGlobalIDString = 9069D28C0FCE659A0042E34C;
			remoteInfo = crypto;
		};
		0EB01EC2178E941300752D12 /* PBXContainerItemProxy */ = {
			isa = PBXContainerItemProxy;
			containerPortal = 0EB01EBD178E941200752D12 /* sqlcipher.xcodeproj */;
			proxyType = 2;
			remoteGlobalIDString = D2AAC046055464E500DB518D;
			remoteInfo = sqlcipher;
		};
		0EB01EC4178E942500752D12 /* PBXContainerItemProxy */ = {
			isa = PBXContainerItemProxy;
			containerPortal = 0EB01EBD178E941200752D12 /* sqlcipher.xcodeproj */;
			proxyType = 1;
			remoteGlobalIDString = D2AAC045055464E500DB518D;
			remoteInfo = sqlcipher;
		};
		0EB01EC6178E942500752D12 /* PBXContainerItemProxy */ = {
			isa = PBXContainerItemProxy;
			containerPortal = 0EB01EB7178E940000752D12 /* openssl.xcodeproj */;
			proxyType = 1;
			remoteGlobalIDString = 9069D28B0FCE659A0042E34C;
			remoteInfo = crypto;
		};
/* End PBXContainerItemProxy section */

/* Begin PBXFileReference section */
		0E59C12617B4E7FB00124089 /* SQLExcuteWindow.h */ = {isa = PBXFileReference; fileEncoding = 4; lastKnownFileType = sourcecode.c.h; path = SQLExcuteWindow.h; sourceTree = "<group>"; };
		0E59C12717B4E7FB00124089 /* SQLExcuteWindow.m */ = {isa = PBXFileReference; fileEncoding = 4; lastKnownFileType = sourcecode.c.objc; path = SQLExcuteWindow.m; sourceTree = "<group>"; };
		0E59C12817B4E7FB00124089 /* SQLExcuteWindow.xib */ = {isa = PBXFileReference; fileEncoding = 4; lastKnownFileType = file.xib; path = SQLExcuteWindow.xib; sourceTree = "<group>"; };
		0E7551A5178D3219004DF8FC /* SQLCipherTools.app */ = {isa = PBXFileReference; explicitFileType = wrapper.application; includeInIndex = 0; path = SQLCipherTools.app; sourceTree = BUILT_PRODUCTS_DIR; };
		0E7551A8178D3219004DF8FC /* Cocoa.framework */ = {isa = PBXFileReference; lastKnownFileType = wrapper.framework; name = Cocoa.framework; path = System/Library/Frameworks/Cocoa.framework; sourceTree = SDKROOT; };
		0E7551AB178D321A004DF8FC /* AppKit.framework */ = {isa = PBXFileReference; lastKnownFileType = wrapper.framework; name = AppKit.framework; path = System/Library/Frameworks/AppKit.framework; sourceTree = SDKROOT; };
		0E7551AC178D321A004DF8FC /* CoreData.framework */ = {isa = PBXFileReference; lastKnownFileType = wrapper.framework; name = CoreData.framework; path = System/Library/Frameworks/CoreData.framework; sourceTree = SDKROOT; };
		0E7551AD178D321A004DF8FC /* Foundation.framework */ = {isa = PBXFileReference; lastKnownFileType = wrapper.framework; name = Foundation.framework; path = System/Library/Frameworks/Foundation.framework; sourceTree = SDKROOT; };
		0E7551B0178D321A004DF8FC /* SQLCipherManager-Info.plist */ = {isa = PBXFileReference; lastKnownFileType = text.plist.xml; path = "SQLCipherManager-Info.plist"; sourceTree = "<group>"; };
		0E7551B2178D321A004DF8FC /* en */ = {isa = PBXFileReference; lastKnownFileType = text.plist.strings; name = en; path = en.lproj/InfoPlist.strings; sourceTree = "<group>"; };
		0E7551B4178D321A004DF8FC /* main.m */ = {isa = PBXFileReference; lastKnownFileType = sourcecode.c.objc; path = main.m; sourceTree = "<group>"; };
		0E7551B6178D321A004DF8FC /* SQLCipherManager-Prefix.pch */ = {isa = PBXFileReference; lastKnownFileType = sourcecode.c.h; path = "SQLCipherManager-Prefix.pch"; sourceTree = "<group>"; };
		0E7551B8178D321A004DF8FC /* en */ = {isa = PBXFileReference; lastKnownFileType = text.rtf; name = en; path = en.lproj/Credits.rtf; sourceTree = "<group>"; };
		0E7551BA178D321A004DF8FC /* AppDelegate.h */ = {isa = PBXFileReference; lastKnownFileType = sourcecode.c.h; path = AppDelegate.h; sourceTree = "<group>"; };
		0E7551BB178D321A004DF8FC /* AppDelegate.m */ = {isa = PBXFileReference; lastKnownFileType = sourcecode.c.objc; path = AppDelegate.m; sourceTree = "<group>"; };
		0E7551BE178D321A004DF8FC /* en */ = {isa = PBXFileReference; lastKnownFileType = file.xib; name = en; path = en.lproj/MainMenu.xib; sourceTree = "<group>"; };
		0E7551C5178D321A004DF8FC /* SQLCipherManagerTests.octest */ = {isa = PBXFileReference; explicitFileType = wrapper.cfbundle; includeInIndex = 0; path = SQLCipherManagerTests.octest; sourceTree = BUILT_PRODUCTS_DIR; };
		0E7551C6178D321A004DF8FC /* SenTestingKit.framework */ = {isa = PBXFileReference; lastKnownFileType = wrapper.framework; name = SenTestingKit.framework; path = Library/Frameworks/SenTestingKit.framework; sourceTree = DEVELOPER_DIR; };
		0E7551CD178D321B004DF8FC /* SQLCipherManagerTests-Info.plist */ = {isa = PBXFileReference; lastKnownFileType = text.plist.xml; path = "SQLCipherManagerTests-Info.plist"; sourceTree = "<group>"; };
		0E7551CF178D321B004DF8FC /* en */ = {isa = PBXFileReference; lastKnownFileType = text.plist.strings; name = en; path = en.lproj/InfoPlist.strings; sourceTree = "<group>"; };
		0E7551D1178D321B004DF8FC /* SQLCipherManagerTests.h */ = {isa = PBXFileReference; lastKnownFileType = sourcecode.c.h; path = SQLCipherManagerTests.h; sourceTree = "<group>"; };
		0E7551D2178D321B004DF8FC /* SQLCipherManagerTests.m */ = {isa = PBXFileReference; lastKnownFileType = sourcecode.c.objc; path = SQLCipherManagerTests.m; sourceTree = "<group>"; };
		0E7BEA8A17979BDD00444DFB /* app.icns */ = {isa = PBXFileReference; lastKnownFileType = image.icns; path = app.icns; sourceTree = "<group>"; };
		0EB01EB7178E940000752D12 /* openssl.xcodeproj */ = {isa = PBXFileReference; lastKnownFileType = "wrapper.pb-project"; name = openssl.xcodeproj; path = "../../SQLCipherApp/openssl-xcode/openssl.xcodeproj"; sourceTree = "<group>"; };
		0EB01EBD178E941200752D12 /* sqlcipher.xcodeproj */ = {isa = PBXFileReference; lastKnownFileType = "wrapper.pb-project"; name = sqlcipher.xcodeproj; path = ../../SQLCipherApp/sqlcipher/sqlcipher.xcodeproj; sourceTree = "<group>"; };
		0EB01ECC178E9AC300752D12 /* libsqlite3.dylib */ = {isa = PBXFileReference; lastKnownFileType = "compiled.mach-o.dylib"; name = libsqlite3.dylib; path = usr/lib/libsqlite3.dylib; sourceTree = SDKROOT; };
/* End PBXFileReference section */

/* Begin PBXFrameworksBuildPhase section */
		0E7551A2178D3219004DF8FC /* Frameworks */ = {
			isa = PBXFrameworksBuildPhase;
			buildActionMask = 2147483647;
			files = (
				0EB01ECD178E9AC400752D12 /* libsqlite3.dylib in Frameworks */,
				0EB01EC8178E942C00752D12 /* libcrypto.a in Frameworks */,
				0EB01EC9178E942C00752D12 /* libsqlcipher.a in Frameworks */,
				0E7551A9178D321A004DF8FC /* Cocoa.framework in Frameworks */,
			);
			runOnlyForDeploymentPostprocessing = 0;
		};
		0E7551C1178D321A004DF8FC /* Frameworks */ = {
			isa = PBXFrameworksBuildPhase;
			buildActionMask = 2147483647;
			files = (
				0E7551C7178D321B004DF8FC /* SenTestingKit.framework in Frameworks */,
				0E7551C8178D321B004DF8FC /* Cocoa.framework in Frameworks */,
			);
			runOnlyForDeploymentPostprocessing = 0;
		};
/* End PBXFrameworksBuildPhase section */

/* Begin PBXGroup section */
		0E75519C178D3219004DF8FC = {
			isa = PBXGroup;
			children = (
				0E7BEA8A17979BDD00444DFB /* app.icns */,
				0EB01ECC178E9AC300752D12 /* libsqlite3.dylib */,
				0EB01EBD178E941200752D12 /* sqlcipher.xcodeproj */,
				0EB01EB7178E940000752D12 /* openssl.xcodeproj */,
				0E7551AE178D321A004DF8FC /* SQLCipherManager */,
				0E7551CB178D321B004DF8FC /* SQLCipherManagerTests */,
				0E7551A7178D3219004DF8FC /* Frameworks */,
				0E7551A6178D3219004DF8FC /* Products */,
			);
			sourceTree = "<group>";
		};
		0E7551A6178D3219004DF8FC /* Products */ = {
			isa = PBXGroup;
			children = (
				0E7551A5178D3219004DF8FC /* SQLCipherTools.app */,
				0E7551C5178D321A004DF8FC /* SQLCipherManagerTests.octest */,
			);
			name = Products;
			sourceTree = "<group>";
		};
		0E7551A7178D3219004DF8FC /* Frameworks */ = {
			isa = PBXGroup;
			children = (
				0E7551A8178D3219004DF8FC /* Cocoa.framework */,
				0E7551C6178D321A004DF8FC /* SenTestingKit.framework */,
				0E7551AA178D321A004DF8FC /* Other Frameworks */,
			);
			name = Frameworks;
			sourceTree = "<group>";
		};
		0E7551AA178D321A004DF8FC /* Other Frameworks */ = {
			isa = PBXGroup;
			children = (
				0E7551AB178D321A004DF8FC /* AppKit.framework */,
				0E7551AC178D321A004DF8FC /* CoreData.framework */,
				0E7551AD178D321A004DF8FC /* Foundation.framework */,
			);
			name = "Other Frameworks";
			sourceTree = "<group>";
		};
		0E7551AE178D321A004DF8FC /* SQLCipherManager */ = {
			isa = PBXGroup;
			children = (
				0E7551BA178D321A004DF8FC /* AppDelegate.h */,
				0E7551BB178D321A004DF8FC /* AppDelegate.m */,
				0E7551BD178D321A004DF8FC /* MainMenu.xib */,
				0E59C12617B4E7FB00124089 /* SQLExcuteWindow.h */,
				0E59C12717B4E7FB00124089 /* SQLExcuteWindow.m */,
				0E59C12817B4E7FB00124089 /* SQLExcuteWindow.xib */,
				0E7551AF178D321A004DF8FC /* Supporting Files */,
			);
			path = SQLCipherManager;
			sourceTree = "<group>";
		};
		0E7551AF178D321A004DF8FC /* Supporting Files */ = {
			isa = PBXGroup;
			children = (
				0E7551B0178D321A004DF8FC /* SQLCipherManager-Info.plist */,
				0E7551B1178D321A004DF8FC /* InfoPlist.strings */,
				0E7551B4178D321A004DF8FC /* main.m */,
				0E7551B6178D321A004DF8FC /* SQLCipherManager-Prefix.pch */,
				0E7551B7178D321A004DF8FC /* Credits.rtf */,
			);
			name = "Supporting Files";
			sourceTree = "<group>";
		};
		0E7551CB178D321B004DF8FC /* SQLCipherManagerTests */ = {
			isa = PBXGroup;
			children = (
				0E7551D1178D321B004DF8FC /* SQLCipherManagerTests.h */,
				0E7551D2178D321B004DF8FC /* SQLCipherManagerTests.m */,
				0E7551CC178D321B004DF8FC /* Supporting Files */,
			);
			path = SQLCipherManagerTests;
			sourceTree = "<group>";
		};
		0E7551CC178D321B004DF8FC /* Supporting Files */ = {
			isa = PBXGroup;
			children = (
				0E7551CD178D321B004DF8FC /* SQLCipherManagerTests-Info.plist */,
				0E7551CE178D321B004DF8FC /* InfoPlist.strings */,
			);
			name = "Supporting Files";
			sourceTree = "<group>";
		};
		0EB01EB8178E940000752D12 /* Products */ = {
			isa = PBXGroup;
			children = (
				0EB01EBC178E940100752D12 /* libcrypto.a */,
			);
			name = Products;
			sourceTree = "<group>";
		};
		0EB01EBE178E941200752D12 /* Products */ = {
			isa = PBXGroup;
			children = (
				0EB01EC3178E941300752D12 /* libsqlcipher.a */,
			);
			name = Products;
			sourceTree = "<group>";
		};
/* End PBXGroup section */

/* Begin PBXNativeTarget section */
		0E7551A4178D3219004DF8FC /* SQLCipherManager */ = {
			isa = PBXNativeTarget;
			buildConfigurationList = 0E7551D6178D321B004DF8FC /* Build configuration list for PBXNativeTarget "SQLCipherManager" */;
			buildPhases = (
				0E7551A1178D3219004DF8FC /* Sources */,
				0E7551A2178D3219004DF8FC /* Frameworks */,
				0E7551A3178D3219004DF8FC /* Resources */,
			);
			buildRules = (
			);
			dependencies = (
				0EB01EC5178E942500752D12 /* PBXTargetDependency */,
				0EB01EC7178E942500752D12 /* PBXTargetDependency */,
			);
			name = SQLCipherManager;
			productName = SQLCipherManager;
			productReference = 0E7551A5178D3219004DF8FC /* SQLCipherTools.app */;
			productType = "com.apple.product-type.application";
		};
		0E7551C4178D321A004DF8FC /* SQLCipherManagerTests */ = {
			isa = PBXNativeTarget;
			buildConfigurationList = 0E7551D9178D321B004DF8FC /* Build configuration list for PBXNativeTarget "SQLCipherManagerTests" */;
			buildPhases = (
				0E7551C0178D321A004DF8FC /* Sources */,
				0E7551C1178D321A004DF8FC /* Frameworks */,
				0E7551C2178D321A004DF8FC /* Resources */,
				0E7551C3178D321A004DF8FC /* ShellScript */,
			);
			buildRules = (
			);
			dependencies = (
				0E7551CA178D321B004DF8FC /* PBXTargetDependency */,
			);
			name = SQLCipherManagerTests;
			productName = SQLCipherManagerTests;
			productReference = 0E7551C5178D321A004DF8FC /* SQLCipherManagerTests.octest */;
			productType = "com.apple.product-type.bundle";
		};
/* End PBXNativeTarget section */

/* Begin PBXProject section */
		0E75519D178D3219004DF8FC /* Project object */ = {
			isa = PBXProject;
			attributes = {
				LastUpgradeCheck = 0460;
				ORGANIZATIONNAME = "Wan Yechao";
			};
			buildConfigurationList = 0E7551A0178D3219004DF8FC /* Build configuration list for PBXProject "SQLCipherManager" */;
			compatibilityVersion = "Xcode 3.2";
			developmentRegion = English;
			hasScannedForEncodings = 0;
			knownRegions = (
				en,
			);
			mainGroup = 0E75519C178D3219004DF8FC;
			productRefGroup = 0E7551A6178D3219004DF8FC /* Products */;
			projectDirPath = "";
			projectReferences = (
				{
					ProductGroup = 0EB01EB8178E940000752D12 /* Products */;
					ProjectRef = 0EB01EB7178E940000752D12 /* openssl.xcodeproj */;
				},
				{
					ProductGroup = 0EB01EBE178E941200752D12 /* Products */;
					ProjectRef = 0EB01EBD178E941200752D12 /* sqlcipher.xcodeproj */;
				},
			);
			projectRoot = "";
			targets = (
				0E7551A4178D3219004DF8FC /* SQLCipherManager */,
				0E7551C4178D321A004DF8FC /* SQLCipherManagerTests */,
			);
		};
/* End PBXProject section */

/* Begin PBXReferenceProxy section */
		0EB01EBC178E940100752D12 /* libcrypto.a */ = {
			isa = PBXReferenceProxy;
			fileType = archive.ar;
			path = libcrypto.a;
			remoteRef = 0EB01EBB178E940100752D12 /* PBXContainerItemProxy */;
			sourceTree = BUILT_PRODUCTS_DIR;
		};
		0EB01EC3178E941300752D12 /* libsqlcipher.a */ = {
			isa = PBXReferenceProxy;
			fileType = archive.ar;
			path = libsqlcipher.a;
			remoteRef = 0EB01EC2178E941300752D12 /* PBXContainerItemProxy */;
			sourceTree = BUILT_PRODUCTS_DIR;
		};
/* End PBXReferenceProxy section */

/* Begin PBXResourcesBuildPhase section */
		0E7551A3178D3219004DF8FC /* Resources */ = {
			isa = PBXResourcesBuildPhase;
			buildActionMask = 2147483647;
			files = (
				0E7551B3178D321A004DF8FC /* InfoPlist.strings in Resources */,
				0E7551B9178D321A004DF8FC /* Credits.rtf in Resources */,
				0E7551BF178D321A004DF8FC /* MainMenu.xib in Resources */,
				0E7BEA8B17979BDD00444DFB /* app.icns in Resources */,
				0E59C12A17B4E7FB00124089 /* SQLExcuteWindow.xib in Resources */,
			);
			runOnlyForDeploymentPostprocessing = 0;
		};
		0E7551C2178D321A004DF8FC /* Resources */ = {
			isa = PBXResourcesBuildPhase;
			buildActionMask = 2147483647;
			files = (
				0E7551D0178D321B004DF8FC /* InfoPlist.strings in Resources */,
			);
			runOnlyForDeploymentPostprocessing = 0;
		};
/* End PBXResourcesBuildPhase section */

/* Begin PBXShellScriptBuildPhase section */
		0E7551C3178D321A004DF8FC /* ShellScript */ = {
			isa = PBXShellScriptBuildPhase;
			buildActionMask = 2147483647;
			files = (
			);
			inputPaths = (
			);
			outputPaths = (
			);
			runOnlyForDeploymentPostprocessing = 0;
			shellPath = /bin/sh;
			shellScript = "# Run the unit tests in this test bundle.\n\"${SYSTEM_DEVELOPER_DIR}/Tools/RunUnitTests\"\n";
		};
/* End PBXShellScriptBuildPhase section */

/* Begin PBXSourcesBuildPhase section */
		0E7551A1178D3219004DF8FC /* Sources */ = {
			isa = PBXSourcesBuildPhase;
			buildActionMask = 2147483647;
			files = (
				0E7551B5178D321A004DF8FC /* main.m in Sources */,
				0E7551BC178D321A004DF8FC /* AppDelegate.m in Sources */,
				0E59C12917B4E7FB00124089 /* SQLExcuteWindow.m in Sources */,
			);
			runOnlyForDeploymentPostprocessing = 0;
		};
		0E7551C0178D321A004DF8FC /* Sources */ = {
			isa = PBXSourcesBuildPhase;
			buildActionMask = 2147483647;
			files = (
				0E7551D3178D321B004DF8FC /* SQLCipherManagerTests.m in Sources */,
			);
			runOnlyForDeploymentPostprocessing = 0;
		};
/* End PBXSourcesBuildPhase section */

/* Begin PBXTargetDependency section */
		0E7551CA178D321B004DF8FC /* PBXTargetDependency */ = {
			isa = PBXTargetDependency;
			target = 0E7551A4178D3219004DF8FC /* SQLCipherManager */;
			targetProxy = 0E7551C9178D321B004DF8FC /* PBXContainerItemProxy */;
		};
		0EB01EC5178E942500752D12 /* PBXTargetDependency */ = {
			isa = PBXTargetDependency;
			name = sqlcipher;
			targetProxy = 0EB01EC4178E942500752D12 /* PBXContainerItemProxy */;
		};
		0EB01EC7178E942500752D12 /* PBXTargetDependency */ = {
			isa = PBXTargetDependency;
			name = crypto;
			targetProxy = 0EB01EC6178E942500752D12 /* PBXContainerItemProxy */;
		};
/* End PBXTargetDependency section */

/* Begin PBXVariantGroup section */
		0E7551B1178D321A004DF8FC /* InfoPlist.strings */ = {
			isa = PBXVariantGroup;
			children = (
				0E7551B2178D321A004DF8FC /* en */,
			);
			name = InfoPlist.strings;
			sourceTree = "<group>";
		};
		0E7551B7178D321A004DF8FC /* Credits.rtf */ = {
			isa = PBXVariantGroup;
			children = (
				0E7551B8178D321A004DF8FC /* en */,
			);
			name = Credits.rtf;
			sourceTree = "<group>";
		};
		0E7551BD178D321A004DF8FC /* MainMenu.xib */ = {
			isa = PBXVariantGroup;
			children = (
				0E7551BE178D321A004DF8FC /* en */,
			);
			name = MainMenu.xib;
			sourceTree = "<group>";
		};
		0E7551CE178D321B004DF8FC /* InfoPlist.strings */ = {
			isa = PBXVariantGroup;
			children = (
				0E7551CF178D321B004DF8FC /* en */,
			);
			name = InfoPlist.strings;
			sourceTree = "<group>";
		};
/* End PBXVariantGroup section */

/* Begin XCBuildConfiguration section */
		0E7551D4178D321B004DF8FC /* Debug */ = {
			isa = XCBuildConfiguration;
			buildSettings = {
				ALWAYS_SEARCH_USER_PATHS = NO;
				ARCHS = "$(ARCHS_STANDARD_64_BIT)";
				CLANG_CXX_LANGUAGE_STANDARD = "gnu++0x";
				CLANG_CXX_LIBRARY = "libc++";
				CLANG_WARN_CONSTANT_CONVERSION = YES;
				CLANG_WARN_EMPTY_BODY = YES;
				CLANG_WARN_ENUM_CONVERSION = YES;
				CLANG_WARN_INT_CONVERSION = YES;
				CLANG_WARN__DUPLICATE_METHOD_MATCH = YES;
				COPY_PHASE_STRIP = NO;
				GCC_C_LANGUAGE_STANDARD = gnu99;
				GCC_DYNAMIC_NO_PIC = NO;
				GCC_ENABLE_OBJC_EXCEPTIONS = YES;
				GCC_OPTIMIZATION_LEVEL = 0;
				GCC_PREPROCESSOR_DEFINITIONS = (
					"DEBUG=1",
					"$(inherited)",
				);
				GCC_SYMBOLS_PRIVATE_EXTERN = NO;
				GCC_WARN_64_TO_32_BIT_CONVERSION = YES;
				GCC_WARN_ABOUT_RETURN_TYPE = YES;
				GCC_WARN_UNINITIALIZED_AUTOS = YES;
				GCC_WARN_UNUSED_VARIABLE = YES;
				MACOSX_DEPLOYMENT_TARGET = 10.7;
				ONLY_ACTIVE_ARCH = YES;
				SDKROOT = macosx;
			};
			name = Debug;
		};
		0E7551D5178D321B004DF8FC /* Release */ = {
			isa = XCBuildConfiguration;
			buildSettings = {
				ALWAYS_SEARCH_USER_PATHS = NO;
				ARCHS = "$(ARCHS_STANDARD_64_BIT)";
				CLANG_CXX_LANGUAGE_STANDARD = "gnu++0x";
				CLANG_CXX_LIBRARY = "libc++";
				CLANG_WARN_CONSTANT_CONVERSION = YES;
				CLANG_WARN_EMPTY_BODY = YES;
				CLANG_WARN_ENUM_CONVERSION = YES;
				CLANG_WARN_INT_CONVERSION = YES;
				CLANG_WARN__DUPLICATE_METHOD_MATCH = YES;
				COPY_PHASE_STRIP = YES;
				DEBUG_INFORMATION_FORMAT = "dwarf-with-dsym";
				GCC_C_LANGUAGE_STANDARD = gnu99;
				GCC_ENABLE_OBJC_EXCEPTIONS = YES;
				GCC_WARN_64_TO_32_BIT_CONVERSION = YES;
				GCC_WARN_ABOUT_RETURN_TYPE = YES;
				GCC_WARN_UNINITIALIZED_AUTOS = YES;
				GCC_WARN_UNUSED_VARIABLE = YES;
				MACOSX_DEPLOYMENT_TARGET = 10.7;
				SDKROOT = macosx;
			};
			name = Release;
		};
		0E7551D7178D321B004DF8FC /* Debug */ = {
			isa = XCBuildConfiguration;
			buildSettings = {
				COMBINE_HIDPI_IMAGES = YES;
				GCC_PRECOMPILE_PREFIX_HEADER = YES;
				GCC_PREFIX_HEADER = "SQLCipherManager/SQLCipherManager-Prefix.pch";
				HEADER_SEARCH_PATHS = sqlcipher;
				INFOPLIST_FILE = "SQLCipherManager/SQLCipherManager-Info.plist";
				MACOSX_DEPLOYMENT_TARGET = 10.7;
				OTHER_CFLAGS = "-DSQLITE_HAS_CODEC";
				PRODUCT_NAME = SQLCipherTools;
				WRAPPER_EXTENSION = app;
			};
			name = Debug;
		};
		0E7551D8178D321B004DF8FC /* Release */ = {
			isa = XCBuildConfiguration;
			buildSettings = {
				COMBINE_HIDPI_IMAGES = YES;
				GCC_PRECOMPILE_PREFIX_HEADER = YES;
				GCC_PREFIX_HEADER = "SQLCipherManager/SQLCipherManager-Prefix.pch";
				HEADER_SEARCH_PATHS = sqlcipher;
				INFOPLIST_FILE = "SQLCipherManager/SQLCipherManager-Info.plist";
				MACOSX_DEPLOYMENT_TARGET = 10.7;
				OTHER_CFLAGS = "-DSQLITE_HAS_CODEC";
				PRODUCT_NAME = SQLCipherTools;
				WRAPPER_EXTENSION = app;
			};
			name = Release;
		};
		0E7551DA178D321B004DF8FC /* Debug */ = {
			isa = XCBuildConfiguration;
			buildSettings = {
				BUNDLE_LOADER = "$(BUILT_PRODUCTS_DIR)/SQLCipherManager.app/Contents/MacOS/SQLCipherManager";
				COMBINE_HIDPI_IMAGES = YES;
				FRAMEWORK_SEARCH_PATHS = "\"$(DEVELOPER_LIBRARY_DIR)/Frameworks\"";
				GCC_PRECOMPILE_PREFIX_HEADER = YES;
				GCC_PREFIX_HEADER = "SQLCipherManager/SQLCipherManager-Prefix.pch";
				INFOPLIST_FILE = "SQLCipherManagerTests/SQLCipherManagerTests-Info.plist";
				PRODUCT_NAME = "$(TARGET_NAME)";
				TEST_HOST = "$(BUNDLE_LOADER)";
				WRAPPER_EXTENSION = octest;
			};
			name = Debug;
		};
		0E7551DB178D321B004DF8FC /* Release */ = {
			isa = XCBuildConfiguration;
			buildSettings = {
				BUNDLE_LOADER = "$(BUILT_PRODUCTS_DIR)/SQLCipherManager.app/Contents/MacOS/SQLCipherManager";
				COMBINE_HIDPI_IMAGES = YES;
				FRAMEWORK_SEARCH_PATHS = "\"$(DEVELOPER_LIBRARY_DIR)/Frameworks\"";
				GCC_PRECOMPILE_PREFIX_HEADER = YES;
				GCC_PREFIX_HEADER = "SQLCipherManager/SQLCipherManager-Prefix.pch";
				INFOPLIST_FILE = "SQLCipherManagerTests/SQLCipherManagerTests-Info.plist";
				PRODUCT_NAME = "$(TARGET_NAME)";
				TEST_HOST = "$(BUNDLE_LOADER)";
				WRAPPER_EXTENSION = octest;
			};
			name = Release;
		};
/* End XCBuildConfiguration section */

/* Begin XCConfigurationList section */
		0E7551A0178D3219004DF8FC /* Build configuration list for PBXProject "SQLCipherManager" */ = {
			isa = XCConfigurationList;
			buildConfigurations = (
				0E7551D4178D321B004DF8FC /* Debug */,
				0E7551D5178D321B004DF8FC /* Release */,
			);
			defaultConfigurationIsVisible = 0;
			defaultConfigurationName = Release;
		};
		0E7551D6178D321B004DF8FC /* Build configuration list for PBXNativeTarget "SQLCipherManager" */ = {
			isa = XCConfigurationList;
			buildConfigurations = (
				0E7551D7178D321B004DF8FC /* Debug */,
				0E7551D8178D321B004DF8FC /* Release */,
			);
			defaultConfigurationIsVisible = 0;
			defaultConfigurationName = Release;
		};
		0E7551D9178D321B004DF8FC /* Build configuration list for PBXNativeTarget "SQLCipherManagerTests" */ = {
			isa = XCConfigurationList;
			buildConfigurations = (
				0E7551DA178D321B004DF8FC /* Debug */,
				0E7551DB178D321B004DF8FC /* Release */,
			);
			defaultConfigurationIsVisible = 0;
			defaultConfigurationName = Release;
		};
/* End XCConfigurationList section */
	};
	rootObject = 0E75519D178D3219004DF8FC /* Project object */;
}
